
Microsoft Visual Studio Solution File, Format Version 12.00
# Visual Studio 2013
VisualStudioVersion = 12.0.40629.0
MinimumVisualStudioVersion = 10.0.40219.1
Project("{FAE04EC0-301F-11D3-BF4B-00C04F79EFBC}") = "FolhaPonto", "FolhaPonto\FolhaPonto.csproj", "{1E2636E1-05BF-4300-B297-A13270D04229}"
EndProject
Project("{FAE04EC0-301F-11D3-BF4B-00C04F79EFBC}") = "FolhaPonto.Negocio", "FolhaPonto.Negocio\FolhaPonto.Negocio.csproj", "{155F3B09-C835-4AA3-831F-ABE92C9BB8EF}"
EndProject
Global
	GlobalSection(SolutionConfigurationPlatforms) = preSolution
		Debug|Any CPU = Debug|Any CPU
		Release|Any CPU = Release|Any CPU
	EndGlobalSection
	GlobalSection(ProjectConfigurationPlatforms) = postSolution
		{1E2636E1-05BF-4300-B297-A13270D04229}.Debug|Any CPU.ActiveCfg = Debug|Any CPU
		{1E2636E1-05BF-4300-B297-A13270D04229}.Debug|Any CPU.Build.0 = Debug|Any CPU
		{1E2636E1-05BF-4300-B297-A13270D04229}.Release|Any CPU.ActiveCfg = Release|Any CPU
		{1E2636E1-05BF-4300-B297-A13270D04229}.Release|Any CPU.Build.0 = Release|Any CPU
		{155F3B09-C835-4AA3-831F-ABE92C9BB8EF}.Debug|Any CPU.ActiveCfg = Debug|Any CPU
		{155F3B09-C835-4AA3-831F-ABE92C9BB8EF}.Debug|Any CPU.Build.0 = Debug|Any CPU
		{155F3B09-C835-4AA3-831F-ABE92C9BB8EF}.Release|Any CPU.ActiveCfg = Release|Any CPU
		{155F3B09-C835-4AA3-831F-ABE92C9BB8EF}.Release|Any CPU.Build.0 = Release|Any CPU
	EndGlobalSection
	GlobalSection(SolutionProperties) = preSolution
		HideSolutionNode = FALSE
	EndGlobalSection
EndGlobal
